
Microsoft Visual Studio Solution File, Format Version 12.00
# Visual Studio Version 16
VisualStudioVersion = 16.0.32413.511
MinimumVisualStudioVersion = 10.0.40219.1
Project("{FAE04EC0-301F-11D3-BF4B-00C04F79EFBC}") = "Blog", "Blog\Blog.csproj", "{1D82364E-7AC4-4FC5-B91C-13C0E8C15A0D}"
EndProject
Global
	GlobalSection(SolutionConfigurationPlatforms) = preSolution
		Debug|Any CPU = Debug|Any CPU
		Release|Any CPU = Release|Any CPU
	EndGlobalSection
	GlobalSection(ProjectConfigurationPlatforms) = postSolution
		{1D82364E-7AC4-4FC5-B91C-13C0E8C15A0D}.Debug|Any CPU.ActiveCfg = Debug|Any CPU
		{1D82364E-7AC4-4FC5-B91C-13C0E8C15A0D}.Debug|Any CPU.Build.0 = Debug|Any CPU
		{1D82364E-7AC4-4FC5-B91C-13C0E8C15A0D}.Release|Any CPU.ActiveCfg = Release|Any CPU
		{1D82364E-7AC4-4FC5-B91C-13C0E8C15A0D}.Release|Any CPU.Build.0 = Release|Any CPU
	EndGlobalSection
	GlobalSection(SolutionProperties) = preSolution
		HideSolutionNode = FALSE
	EndGlobalSection
	GlobalSection(ExtensibilityGlobals) = postSolution
		SolutionGuid = {89342EF2-9379-4480-BB35-278486F0B801}
	EndGlobalSection
EndGlobal
